<?xml version="1.0" encoding="utf-8"?>
<Project ToolsVersion="4.0" xmlns="http://schemas.microsoft.com/developer/msbuild/2003">
  <ItemGroup>
    <ClCompile Include="main.cpp" />
    <ClCompile Include="Source\Main\GameService.cpp" />
    <ClCompile Include="Source\Global\ServiceLocator.cpp" />
    <ClCompile Include="Source\Graphic\GraphicService.cpp" />
    <ClCompile Include="Source\Event\EventService.cpp" />
    <ClCompile Include="Source\Time\TimeService.cpp" />
  </ItemGroup>
  <ItemGroup>
    <ClInclude Include="Header\Main\GameService.h" />
    <ClInclude Include="Header\Global\ServiceLocator.h" />
    <ClInclude Include="Header\Graphic\GraphicService.h" />
    <ClInclude Include="Header\Event\EventService.h" />
    <ClInclude Include="Header\Time\TimeService.h" />
  </ItemGroup>
</Project>